
Microsoft Visual Studio Solution File, Format Version 12.00
# Visual Studio Version 16
VisualStudioVersion = 16.0.29709.97
MinimumVisualStudioVersion = 10.0.40219.1
Project("{FAE04EC0-301F-11D3-BF4B-00C04F79EFBC}") = "VisualStudio2019GitDemo", "VisualStudio2019GitDemo.csproj", "{ECA094E9-2277-4009-9D6E-2691867A0330}"
EndProject
Global
	GlobalSection(SolutionConfigurationPlatforms) = preSolution
		Debug|Any CPU = Debug|Any CPU
		Release|Any CPU = Release|Any CPU
	EndGlobalSection
	GlobalSection(ProjectConfigurationPlatforms) = postSolution
		{ECA094E9-2277-4009-9D6E-2691867A0330}.Debug|Any CPU.ActiveCfg = Debug|Any CPU
		{ECA094E9-2277-4009-9D6E-2691867A0330}.Debug|Any CPU.Build.0 = Debug|Any CPU
		{ECA094E9-2277-4009-9D6E-2691867A0330}.Release|Any CPU.ActiveCfg = Release|Any CPU
		{ECA094E9-2277-4009-9D6E-2691867A0330}.Release|Any CPU.Build.0 = Release|Any CPU
	EndGlobalSection
	GlobalSection(SolutionProperties) = preSolution
		HideSolutionNode = FALSE
	EndGlobalSection
	GlobalSection(ExtensibilityGlobals) = postSolution
		SolutionGuid = {7331480D-389E-4F11-A11E-0A7230577D5D}
	EndGlobalSection
EndGlobal
